// !$*UTF8*$!
{
	archiveVersion = 1;
	classes = {
	};
	objectVersion = 48;
	objects = {

/* Begin PBXBuildFile section */
		0A3C77DC1FCCAF3C0060FBFF /* DrawableBoard.cpp in Sources */ = {isa = PBXBuildFile; fileRef = 0A3C77DA1FCCAF3C0060FBFF /* DrawableBoard.cpp */; };
		0A4EA28C1FC226F8008DED9C /* helpers.mm in Sources */ = {isa = PBXBuildFile; fileRef = 0A4EA2841FC226F8008DED9C /* helpers.mm */; };
		0A4EA28D1FC226F8008DED9C /* Level.cpp in Sources */ = {isa = PBXBuildFile; fileRef = 0A4EA2851FC226F8008DED9C /* Level.cpp */; };
		0A4EA28E1FC226F8008DED9C /* main.cpp in Sources */ = {isa = PBXBuildFile; fileRef = 0A4EA2871FC226F8008DED9C /* main.cpp */; };
		0A4EA28F1FC226F8008DED9C /* GameEngine.cpp in Sources */ = {isa = PBXBuildFile; fileRef = 0A4EA2881FC226F8008DED9C /* GameEngine.cpp */; };
		0A4EA2901FC226F8008DED9C /* TextureAtlas.cpp in Sources */ = {isa = PBXBuildFile; fileRef = 0A4EA28A1FC226F8008DED9C /* TextureAtlas.cpp */; };
		0A4EA2931FC23036008DED9C /* Roboto-Black.ttf in Resources */ = {isa = PBXBuildFile; fileRef = 0A4EA2921FC23035008DED9C /* Roboto-Black.ttf */; };
		0A4EA2961FC23230008DED9C /* Board.cpp in Sources */ = {isa = PBXBuildFile; fileRef = 0A4EA2941FC23230008DED9C /* Board.cpp */; };
		0AB60DDF1FD3222100EC61A0 /* sprites.pack in Resources */ = {isa = PBXBuildFile; fileRef = 0AB60DDD1FD3222100EC61A0 /* sprites.pack */; };
		0AB60DE01FD3222100EC61A0 /* sprites.png in Resources */ = {isa = PBXBuildFile; fileRef = 0AB60DDE1FD3222100EC61A0 /* sprites.png */; };
/* End PBXBuildFile section */

/* Begin PBXFileReference section */
		0A3C77D91FCCAEE60060FBFF /* BoardPrivate.h */ = {isa = PBXFileReference; lastKnownFileType = sourcecode.c.h; path = BoardPrivate.h; sourceTree = "<group>"; };
		0A3C77DA1FCCAF3C0060FBFF /* DrawableBoard.cpp */ = {isa = PBXFileReference; lastKnownFileType = sourcecode.cpp.cpp; path = DrawableBoard.cpp; sourceTree = "<group>"; };
		0A3C77DB1FCCAF3C0060FBFF /* DrawableBoard.h */ = {isa = PBXFileReference; lastKnownFileType = sourcecode.c.h; path = DrawableBoard.h; sourceTree = "<group>"; };
		0A4EA2641FBFFFCA008DED9C /* CAP4053_Minimax-Info.plist */ = {isa = PBXFileReference; fileEncoding = 4; lastKnownFileType = text.plist.xml; path = "CAP4053_Minimax-Info.plist"; sourceTree = "<group>"; };
		0A4EA2831FC226F8008DED9C /* helpers.h */ = {isa = PBXFileReference; fileEncoding = 4; lastKnownFileType = sourcecode.c.h; path = helpers.h; sourceTree = "<group>"; };
		0A4EA2841FC226F8008DED9C /* helpers.mm */ = {isa = PBXFileReference; fileEncoding = 4; lastKnownFileType = sourcecode.cpp.objcpp; path = helpers.mm; sourceTree = "<group>"; };
		0A4EA2851FC226F8008DED9C /* Level.cpp */ = {isa = PBXFileReference; fileEncoding = 4; lastKnownFileType = sourcecode.cpp.cpp; path = Level.cpp; sourceTree = "<group>"; };
		0A4EA2861FC226F8008DED9C /* Level.h */ = {isa = PBXFileReference; fileEncoding = 4; lastKnownFileType = sourcecode.c.h; path = Level.h; sourceTree = "<group>"; };
		0A4EA2871FC226F8008DED9C /* main.cpp */ = {isa = PBXFileReference; fileEncoding = 4; lastKnownFileType = sourcecode.cpp.cpp; path = main.cpp; sourceTree = "<group>"; };
		0A4EA2881FC226F8008DED9C /* GameEngine.cpp */ = {isa = PBXFileReference; fileEncoding = 4; lastKnownFileType = sourcecode.cpp.cpp; path = GameEngine.cpp; sourceTree = "<group>"; };
		0A4EA2891FC226F8008DED9C /* GameEngine.h */ = {isa = PBXFileReference; fileEncoding = 4; lastKnownFileType = sourcecode.c.h; path = GameEngine.h; sourceTree = "<group>"; };
		0A4EA28A1FC226F8008DED9C /* TextureAtlas.cpp */ = {isa = PBXFileReference; fileEncoding = 4; lastKnownFileType = sourcecode.cpp.cpp; path = TextureAtlas.cpp; sourceTree = "<group>"; };
		0A4EA28B1FC226F8008DED9C /* TextureAtlas.h */ = {isa = PBXFileReference; fileEncoding = 4; lastKnownFileType = sourcecode.c.h; path = TextureAtlas.h; sourceTree = "<group>"; };
		0A4EA2921FC23035008DED9C /* Roboto-Black.ttf */ = {isa = PBXFileReference; lastKnownFileType = file; path = "Roboto-Black.ttf"; sourceTree = "<group>"; };
		0A4EA2941FC23230008DED9C /* Board.cpp */ = {isa = PBXFileReference; lastKnownFileType = sourcecode.cpp.cpp; path = Board.cpp; sourceTree = "<group>"; };
		0A4EA2951FC23230008DED9C /* Board.h */ = {isa = PBXFileReference; lastKnownFileType = sourcecode.c.h; path = Board.h; sourceTree = "<group>"; };
		0A4EA2971FC23296008DED9C /* Direction.h */ = {isa = PBXFileReference; lastKnownFileType = sourcecode.c.h; path = Direction.h; sourceTree = "<group>"; };
		0AB60DDD1FD3222100EC61A0 /* sprites.pack */ = {isa = PBXFileReference; fileEncoding = 4; lastKnownFileType = text; path = sprites.pack; sourceTree = "<group>"; };
		0AB60DDE1FD3222100EC61A0 /* sprites.png */ = {isa = PBXFileReference; lastKnownFileType = image.png; path = sprites.png; sourceTree = "<group>"; };
		0ACFF0301F7C3977002EFA7E /* CAP4053_Minimax.app */ = {isa = PBXFileReference; explicitFileType = wrapper.application; includeInIndex = 0; path = CAP4053_Minimax.app; sourceTree = BUILT_PRODUCTS_DIR; };
/* End PBXFileReference section */

/* Begin PBXFrameworksBuildPhase section */
		0ACFF02C1F7C3977002EFA7E /* Frameworks */ = {
			isa = PBXFrameworksBuildPhase;
			buildActionMask = 2147483647;
			files = (
			);
			runOnlyForDeploymentPostprocessing = 0;
		};
/* End PBXFrameworksBuildPhase section */

/* Begin PBXGroup section */
		0A4EA2811FC00017008DED9C /* Resources */ = {
			isa = PBXGroup;
			children = (
				0AB60DDD1FD3222100EC61A0 /* sprites.pack */,
				0AB60DDE1FD3222100EC61A0 /* sprites.png */,
				0A4EA2921FC23035008DED9C /* Roboto-Black.ttf */,
				0A4EA2641FBFFFCA008DED9C /* CAP4053_Minimax-Info.plist */,
			);
			path = Resources;
			sourceTree = "<group>";
		};
		0A4EA2821FC226F8008DED9C /* CAP4053_Minimax */ = {
			isa = PBXGroup;
			children = (
				0A4EA2911FC229DC008DED9C /* Engine */,
				0A4EA2861FC226F8008DED9C /* Level.h */,
				0A4EA2851FC226F8008DED9C /* Level.cpp */,
				0A4EA2971FC23296008DED9C /* Direction.h */,
				0A4EA2951FC23230008DED9C /* Board.h */,
				0A3C77D91FCCAEE60060FBFF /* BoardPrivate.h */,
				0A4EA2941FC23230008DED9C /* Board.cpp */,
				0A3C77DB1FCCAF3C0060FBFF /* DrawableBoard.h */,
				0A3C77DA1FCCAF3C0060FBFF /* DrawableBoard.cpp */,
				0A4EA2871FC226F8008DED9C /* main.cpp */,
				0A4EA2811FC00017008DED9C /* Resources */,
			);
			path = CAP4053_Minimax;
			sourceTree = "<group>";
		};
		0A4EA2911FC229DC008DED9C /* Engine */ = {
			isa = PBXGroup;
			children = (
				0A4EA2831FC226F8008DED9C /* helpers.h */,
				0A4EA2841FC226F8008DED9C /* helpers.mm */,
				0A4EA28B1FC226F8008DED9C /* TextureAtlas.h */,
				0A4EA28A1FC226F8008DED9C /* TextureAtlas.cpp */,
				0A4EA2891FC226F8008DED9C /* GameEngine.h */,
				0A4EA2881FC226F8008DED9C /* GameEngine.cpp */,
			);
			path = Engine;
			sourceTree = "<group>";
		};
		0ACFF0261F7C3977002EFA7E = {
			isa = PBXGroup;
			children = (
				0A4EA2821FC226F8008DED9C /* CAP4053_Minimax */,
				0ACFF0311F7C3977002EFA7E /* Products */,
			);
			sourceTree = "<group>";
		};
		0ACFF0311F7C3977002EFA7E /* Products */ = {
			isa = PBXGroup;
			children = (
				0ACFF0301F7C3977002EFA7E /* CAP4053_Minimax.app */,
			);
			name = Products;
			sourceTree = "<group>";
		};
/* End PBXGroup section */

/* Begin PBXNativeTarget section */
		0ACFF02F1F7C3977002EFA7E /* CAP4053_Minimax */ = {
			isa = PBXNativeTarget;
			buildConfigurationList = 0ACFF0451F7C3977002EFA7E /* Build configuration list for PBXNativeTarget "CAP4053_Minimax" */;
			buildPhases = (
				0ACFF02B1F7C3977002EFA7E /* Sources */,
				0ACFF02C1F7C3977002EFA7E /* Frameworks */,
				0ACFF02D1F7C3977002EFA7E /* Resources */,
				0ACFF02E1F7C3977002EFA7E /* ShellScript */,
			);
			buildRules = (
			);
			dependencies = (
			);
			name = CAP4053_Minimax;
			productName = CAP4053_PathFinding;
			productReference = 0ACFF0301F7C3977002EFA7E /* CAP4053_Minimax.app */;
			productType = "com.apple.product-type.application";
		};
/* End PBXNativeTarget section */

/* Begin PBXProject section */
		0ACFF0271F7C3977002EFA7E /* Project object */ = {
			isa = PBXProject;
			attributes = {
				LastUpgradeCheck = 0910;
				ORGANIZATIONNAME = kTeam;
				TargetAttributes = {
					0ACFF02F1F7C3977002EFA7E = {
						CreatedOnToolsVersion = 9.0;
						ProvisioningStyle = Automatic;
					};
				};
			};
			buildConfigurationList = 0ACFF02A1F7C3977002EFA7E /* Build configuration list for PBXProject "CAP4053_Minimax" */;
			compatibilityVersion = "Xcode 8.0";
			developmentRegion = en;
			hasScannedForEncodings = 0;
			knownRegions = (
				en,
			);
			mainGroup = 0ACFF0261F7C3977002EFA7E;
			productRefGroup = 0ACFF0311F7C3977002EFA7E /* Products */;
			projectDirPath = "";
			projectRoot = "";
			targets = (
				0ACFF02F1F7C3977002EFA7E /* CAP4053_Minimax */,
			);
		};
/* End PBXProject section */

/* Begin PBXResourcesBuildPhase section */
		0ACFF02D1F7C3977002EFA7E /* Resources */ = {
			isa = PBXResourcesBuildPhase;
			buildActionMask = 2147483647;
			files = (
				0AB60DDF1FD3222100EC61A0 /* sprites.pack in Resources */,
				0A4EA2931FC23036008DED9C /* Roboto-Black.ttf in Resources */,
				0AB60DE01FD3222100EC61A0 /* sprites.png in Resources */,
			);
			runOnlyForDeploymentPostprocessing = 0;
		};
/* End PBXResourcesBuildPhase section */

/* Begin PBXShellScriptBuildPhase section */
		0ACFF02E1F7C3977002EFA7E /* ShellScript */ = {
			isa = PBXShellScriptBuildPhase;
			buildActionMask = 2147483647;
			files = (
			);
			inputPaths = (
			);
			outputPaths = (
			);
			runOnlyForDeploymentPostprocessing = 0;
			shellPath = /bin/sh;
			shellScript = "# This shell script simply copies required SFML dylibs/frameworks into the application bundle frameworks folder.\n# If you're using static libraries (which is not recommended) you should remove this script from your project.\n\n# SETTINGS\nCMAKE_INSTALL_FRAMEWORK_PREFIX=\"/Library/Frameworks\"\nCMAKE_INSTALL_LIB_PREFIX=\"/usr/local/lib\"\nFRAMEWORKS_FULL_PATH=\"$BUILT_PRODUCTS_DIR/$FRAMEWORKS_FOLDER_PATH/\"\n\n# Are we building a project that uses frameworks or dylibs?\ncase \"$SFML_BINARY_TYPE\" in\n    DYLIBS)\n        frameworks=\"false\"\n        ;;\n    *)\n        frameworks=\"true\"\n        ;;\nesac\n\n# Echoes to stderr\nerror () # $* message to display\n{\n    echo $* 1>&2\n    exit 2\n}\n\nassert () # $1 is a boolean, $2...N is an error message\n{\n    if [ $# -lt 2 ]\n    then\n        error \"Internal error in assert: not enough args\"\n    fi\n\n    if [ $1 -ne 0 ]\n    then\n        shift\n        error \"$*\"\n    fi\n}\n\nforce_remove () # $@ is some paths\n{\n    test $# -ge 1\n    assert $? \"force_remove() requires at least one parameter\"\n    rm -fr $@\n    assert $? \"couldn't remove $@\"\n}\n\ncopy () # $1 is a source, $2 is a destination\n{\n    test $# -eq 2\n    assert $? \"copy() requires two parameters\"\n    ditto \"$1\" \"$2\"\n    assert $? \"couldn't copy $1 to $2\"\n}\n\nrequire () # $1 is a SFML module like 'system' or 'audio'\n{\n    dest=\"$BUILT_PRODUCTS_DIR/$FRAMEWORKS_FOLDER_PATH/\"\n\n    if [ -z \"$1\" ]\n    then\n        error \"require() requires one parameter!\"\n    else\n        # clean potentially old stuff\n        force_remove \"$dest/libsfml-$1\"*\n        force_remove \"$dest/sfml-$1.framework\"\n\n        # copy SFML libraries\n        if [ \"$frameworks\" = \"true\" ]\n        then\n            source=\"$CMAKE_INSTALL_FRAMEWORK_PREFIX/sfml-$1.framework\"\n            target=\"sfml-$1.framework\"\n        elif [ \"$SFML_LINK_DYLIBS_SUFFIX\" = \"-d\" ]\n        then\n            source=\"$CMAKE_INSTALL_LIB_PREFIX/libsfml-$1-d.dylib\"\n            target=\"`readlink $source`\"\n        else\n            source=\"$CMAKE_INSTALL_LIB_PREFIX/libsfml-$1.dylib\"\n            target=\"`readlink $source`\"\n        fi\n\n        copy \"$source\" \"$dest/$target\"\n\n        # copy extra dependencies\n        if [ \"$1\" = \"audio\" ]\n        then\n            # copy \"FLAC\" \"ogg\" \"vorbis\" \"vorbisenc\" \"vorbisfile\" \"OpenAL\" frameworks too\n            for f in \"FLAC\" \"ogg\" \"vorbis\" \"vorbisenc\" \"vorbisfile\" \"OpenAL\"\n            do\n                copy \"$CMAKE_INSTALL_FRAMEWORK_PREFIX/$f.framework\" \"$dest/$f.framework\"\n            done\n        elif [ \"$1\" = \"graphics\" ]\n        then\n            copy \"$CMAKE_INSTALL_FRAMEWORK_PREFIX/freetype.framework\" \"$dest/freetype.framework\"\n        fi\n    fi\n}\n\nif [ -n \"$SFML_SYSTEM\" ]\nthen\n    require \"system\"\nfi\n\nif [ -n \"$SFML_AUDIO\" ]\nthen\n    require \"audio\"\nfi\n\nif [ -n \"$SFML_NETWORK\" ]\nthen\n    require \"network\"\nfi\n\nif [ -n \"$SFML_WINDOW\" ]\nthen\n    require \"window\"\nfi\n\nif [ -n \"$SFML_GRAPHICS\" ]\nthen\n    require \"graphics\"\nfi\n\n                ";
		};
/* End PBXShellScriptBuildPhase section */

/* Begin PBXSourcesBuildPhase section */
		0ACFF02B1F7C3977002EFA7E /* Sources */ = {
			isa = PBXSourcesBuildPhase;
			buildActionMask = 2147483647;
			files = (
				0A4EA2961FC23230008DED9C /* Board.cpp in Sources */,
				0A4EA2901FC226F8008DED9C /* TextureAtlas.cpp in Sources */,
				0A4EA28D1FC226F8008DED9C /* Level.cpp in Sources */,
				0A4EA28F1FC226F8008DED9C /* GameEngine.cpp in Sources */,
				0A3C77DC1FCCAF3C0060FBFF /* DrawableBoard.cpp in Sources */,
				0A4EA28C1FC226F8008DED9C /* helpers.mm in Sources */,
				0A4EA28E1FC226F8008DED9C /* main.cpp in Sources */,
			);
			runOnlyForDeploymentPostprocessing = 0;
		};
/* End PBXSourcesBuildPhase section */

/* Begin XCBuildConfiguration section */
		0ACFF0431F7C3977002EFA7E /* Debug */ = {
			isa = XCBuildConfiguration;
			buildSettings = {
				CLANG_CXX_LANGUAGE_STANDARD = "c++0x";
				CLANG_CXX_LIBRARY = "libc++";
				CLANG_WARN_BLOCK_CAPTURE_AUTORELEASING = YES;
				CLANG_WARN_BOOL_CONVERSION = YES;
				CLANG_WARN_COMMA = YES;
				CLANG_WARN_CONSTANT_CONVERSION = YES;
				CLANG_WARN_EMPTY_BODY = YES;
				CLANG_WARN_ENUM_CONVERSION = YES;
				CLANG_WARN_INFINITE_RECURSION = YES;
				CLANG_WARN_INT_CONVERSION = YES;
				CLANG_WARN_NON_LITERAL_NULL_CONVERSION = YES;
				CLANG_WARN_OBJC_LITERAL_CONVERSION = YES;
				CLANG_WARN_RANGE_LOOP_ANALYSIS = YES;
				CLANG_WARN_STRICT_PROTOTYPES = YES;
				CLANG_WARN_SUSPICIOUS_MOVE = YES;
				CLANG_WARN_UNREACHABLE_CODE = YES;
				CLANG_WARN__DUPLICATE_METHOD_MATCH = YES;
				ENABLE_STRICT_OBJC_MSGSEND = YES;
				ENABLE_TESTABILITY = YES;
				FRAMEWORK_SEARCH_PATHS = (
					/Library/Frameworks/,
					"$(inherited)",
				);
				GCC_NO_COMMON_BLOCKS = YES;
				GCC_VERSION = com.apple.compilers.llvm.clang.1_0;
				GCC_WARN_64_TO_32_BIT_CONVERSION = YES;
				GCC_WARN_ABOUT_RETURN_TYPE = YES;
				GCC_WARN_UNDECLARED_SELECTOR = YES;
				GCC_WARN_UNINITIALIZED_AUTOS = YES;
				GCC_WARN_UNUSED_FUNCTION = YES;
				GCC_WARN_UNUSED_VARIABLE = YES;
				HEADER_SEARCH_PATHS = (
					/usr/local/include/,
					"$(inherited)",
				);
				LIBRARY_SEARCH_PATHS = (
					/usr/local/lib/,
					"$(inherited)",
				);
				MACOSX_DEPLOYMENT_TARGET = 10.7;
				ONLY_ACTIVE_ARCH = YES;
				OTHER_LDFLAGS = (
					"$(inherited)",
					"$(SFML_SYSTEM)",
					"$(SFML_WINDOW)",
					"$(SFML_GRAPHICS)",
					"$(SFML_AUDIO)",
					"$(SFML_NETWORK)",
				);
				SFML_AUDIO = "$(SFML_LINK_PREFIX) sfml-audio$(SFML_LINK_SUFFIX)";
				SFML_BINARY_TYPE = FRAMEWORKS;
				SFML_GRAPHICS = "$(SFML_LINK_PREFIX) sfml-graphics$(SFML_LINK_SUFFIX)";
				SFML_LINK_DYLIBS_PREFIX = "-l";
				SFML_LINK_DYLIBS_SUFFIX = "";
				SFML_LINK_FRAMEWORKS_PREFIX = "-framework";
				SFML_LINK_FRAMEWORKS_SUFFIX = "";
				SFML_LINK_PREFIX = "$(SFML_LINK_$(SFML_BINARY_TYPE)_PREFIX)";
				SFML_LINK_SUFFIX = "$(SFML_LINK_$(SFML_BINARY_TYPE)_SUFFIX)";
				SFML_NETWORK = "";
				SFML_SYSTEM = "$(SFML_LINK_PREFIX) sfml-system$(SFML_LINK_SUFFIX)";
				SFML_WINDOW = "$(SFML_LINK_PREFIX) sfml-window$(SFML_LINK_SUFFIX)";
				SUPPORTED_PLATFORMS = macosx;
			};
			name = Debug;
		};
		0ACFF0441F7C3977002EFA7E /* Release */ = {
			isa = XCBuildConfiguration;
			buildSettings = {
				CLANG_CXX_LANGUAGE_STANDARD = "c++0x";
				CLANG_CXX_LIBRARY = "libc++";
				CLANG_WARN_BLOCK_CAPTURE_AUTORELEASING = YES;
				CLANG_WARN_BOOL_CONVERSION = YES;
				CLANG_WARN_COMMA = YES;
				CLANG_WARN_CONSTANT_CONVERSION = YES;
				CLANG_WARN_EMPTY_BODY = YES;
				CLANG_WARN_ENUM_CONVERSION = YES;
				CLANG_WARN_INFINITE_RECURSION = YES;
				CLANG_WARN_INT_CONVERSION = YES;
				CLANG_WARN_NON_LITERAL_NULL_CONVERSION = YES;
				CLANG_WARN_OBJC_LITERAL_CONVERSION = YES;
				CLANG_WARN_RANGE_LOOP_ANALYSIS = YES;
				CLANG_WARN_STRICT_PROTOTYPES = YES;
				CLANG_WARN_SUSPICIOUS_MOVE = YES;
				CLANG_WARN_UNREACHABLE_CODE = YES;
				CLANG_WARN__DUPLICATE_METHOD_MATCH = YES;
				ENABLE_STRICT_OBJC_MSGSEND = YES;
				FRAMEWORK_SEARCH_PATHS = (
					/Library/Frameworks/,
					"$(inherited)",
				);
				GCC_NO_COMMON_BLOCKS = YES;
				GCC_VERSION = com.apple.compilers.llvm.clang.1_0;
				GCC_WARN_64_TO_32_BIT_CONVERSION = YES;
				GCC_WARN_ABOUT_RETURN_TYPE = YES;
				GCC_WARN_UNDECLARED_SELECTOR = YES;
				GCC_WARN_UNINITIALIZED_AUTOS = YES;
				GCC_WARN_UNUSED_FUNCTION = YES;
				GCC_WARN_UNUSED_VARIABLE = YES;
				HEADER_SEARCH_PATHS = (
					/usr/local/include/,
					"$(inherited)",
				);
				LIBRARY_SEARCH_PATHS = (
					/usr/local/lib/,
					"$(inherited)",
				);
				MACOSX_DEPLOYMENT_TARGET = 10.7;
				OTHER_LDFLAGS = (
					"$(inherited)",
					"$(SFML_SYSTEM)",
					"$(SFML_WINDOW)",
					"$(SFML_GRAPHICS)",
					"$(SFML_AUDIO)",
					"$(SFML_NETWORK)",
				);
				SFML_AUDIO = "$(SFML_LINK_PREFIX) sfml-audio$(SFML_LINK_SUFFIX)";
				SFML_BINARY_TYPE = FRAMEWORKS;
				SFML_GRAPHICS = "$(SFML_LINK_PREFIX) sfml-graphics$(SFML_LINK_SUFFIX)";
				SFML_LINK_DYLIBS_PREFIX = "-l";
				SFML_LINK_DYLIBS_SUFFIX = "";
				SFML_LINK_FRAMEWORKS_PREFIX = "-framework";
				SFML_LINK_FRAMEWORKS_SUFFIX = "";
				SFML_LINK_PREFIX = "$(SFML_LINK_$(SFML_BINARY_TYPE)_PREFIX)";
				SFML_LINK_SUFFIX = "$(SFML_LINK_$(SFML_BINARY_TYPE)_SUFFIX)";
				SFML_NETWORK = "";
				SFML_SYSTEM = "$(SFML_LINK_PREFIX) sfml-system$(SFML_LINK_SUFFIX)";
				SFML_WINDOW = "$(SFML_LINK_PREFIX) sfml-window$(SFML_LINK_SUFFIX)";
				SUPPORTED_PLATFORMS = macosx;
			};
			name = Release;
		};
		0ACFF0461F7C3977002EFA7E /* Debug */ = {
			isa = XCBuildConfiguration;
			buildSettings = {
				CODE_SIGN_STYLE = Automatic;
				GCC_OPTIMIZATION_LEVEL = 0;
				INFOPLIST_FILE = "CAP4053_Minimax/Resources/CAP4053_Minimax-Info.plist";
				LD_RUNPATH_SEARCH_PATHS = "@loader_path/../Frameworks";
				PRODUCT_BUNDLE_IDENTIFIER = "com.kteam.CAP4053-Minimax";
				PRODUCT_NAME = "$(TARGET_NAME)";
			};
			name = Debug;
		};
		0ACFF0471F7C3977002EFA7E /* Release */ = {
			isa = XCBuildConfiguration;
			buildSettings = {
				CODE_SIGN_STYLE = Automatic;
				INFOPLIST_FILE = "CAP4053_Minimax/Resources/CAP4053_Minimax-Info.plist";
				LD_RUNPATH_SEARCH_PATHS = "@loader_path/../Frameworks";
				PRODUCT_BUNDLE_IDENTIFIER = "com.kteam.CAP4053-Minimax";
				PRODUCT_NAME = "$(TARGET_NAME)";
			};
			name = Release;
		};
/* End XCBuildConfiguration section */

/* Begin XCConfigurationList section */
		0ACFF02A1F7C3977002EFA7E /* Build configuration list for PBXProject "CAP4053_Minimax" */ = {
			isa = XCConfigurationList;
			buildConfigurations = (
				0ACFF0431F7C3977002EFA7E /* Debug */,
				0ACFF0441F7C3977002EFA7E /* Release */,
			);
			defaultConfigurationIsVisible = 0;
			defaultConfigurationName = Release;
		};
		0ACFF0451F7C3977002EFA7E /* Build configuration list for PBXNativeTarget "CAP4053_Minimax" */ = {
			isa = XCConfigurationList;
			buildConfigurations = (
				0ACFF0461F7C3977002EFA7E /* Debug */,
				0ACFF0471F7C3977002EFA7E /* Release */,
			);
			defaultConfigurationIsVisible = 0;
			defaultConfigurationName = Release;
		};
/* End XCConfigurationList section */
	};
	rootObject = 0ACFF0271F7C3977002EFA7E /* Project object */;
}
